
Microsoft Visual Studio Solution File, Format Version 12.00
# Visual Studio Version 17
VisualStudioVersion = 17.7.34018.315
MinimumVisualStudioVersion = 10.0.40219.1
Project("{FAE04EC0-301F-11D3-BF4B-00C04F79EFBC}") = "ParticipationMO4", "ParticipationMO4\ParticipationMO4.csproj", "{CC07A44C-2FDC-47C4-8D0F-6EF2FCB41F75}"
EndProject
Global
	GlobalSection(SolutionConfigurationPlatforms) = preSolution
		Debug|Any CPU = Debug|Any CPU
		Release|Any CPU = Release|Any CPU
	EndGlobalSection
	GlobalSection(ProjectConfigurationPlatforms) = postSolution
		{CC07A44C-2FDC-47C4-8D0F-6EF2FCB41F75}.Debug|Any CPU.ActiveCfg = Debug|Any CPU
		{CC07A44C-2FDC-47C4-8D0F-6EF2FCB41F75}.Debug|Any CPU.Build.0 = Debug|Any CPU
		{CC07A44C-2FDC-47C4-8D0F-6EF2FCB41F75}.Release|Any CPU.ActiveCfg = Release|Any CPU
		{CC07A44C-2FDC-47C4-8D0F-6EF2FCB41F75}.Release|Any CPU.Build.0 = Release|Any CPU
	EndGlobalSection
	GlobalSection(SolutionProperties) = preSolution
		HideSolutionNode = FALSE
	EndGlobalSection
	GlobalSection(ExtensibilityGlobals) = postSolution
		SolutionGuid = {02014B04-6122-45B9-93EB-F20F5620D9B9}
	EndGlobalSection
EndGlobal
